
Microsoft Visual Studio Solution File, Format Version 12.00
# Visual Studio Version 17
VisualStudioVersion = 17.9.34728.123
MinimumVisualStudioVersion = 10.0.40219.1
Project("{9A19103F-16F7-4668-BE54-9A1E7A4F7556}") = "Async_Dave", "Async\Async_Dave.csproj", "{72E4F8C8-D430-4B0F-8AFA-1E7C55265FE6}"
EndProject
Project("{FAE04EC0-301F-11D3-BF4B-00C04F79EFBC}") = "Async", "AsyncAdvanced\Async.csproj", "{A882C82F-7B2F-4D38-8899-63629C4891F2}"
EndProject
Project("{FAE04EC0-301F-11D3-BF4B-00C04F79EFBC}") = "AsyncAdvanced", "WPFUserInterface\AsyncAdvanced.csproj", "{A06EE4C4-8869-4805-9FF9-2655E795E6F1}"
EndProject
Project("{2150E333-8FDC-42A3-9474-1A3956D46DE8}") = "AzureServerBus", "AzureServerBus", "{834E2354-F152-49F2-B725-F33F5710288C}"
EndProject
Project("{9A19103F-16F7-4668-BE54-9A1E7A4F7556}") = "SBSender", "SBSender\SBSender.csproj", "{A2FE9F81-018C-4579-9571-55E30CE3D7CD}"
EndProject
Project("{2150E333-8FDC-42A3-9474-1A3956D46DE8}") = "AwaitAsync", "AwaitAsync", "{EF49A476-D914-43DE-B6BE-DCA948190D5B}"
EndProject
Project("{9A19103F-16F7-4668-BE54-9A1E7A4F7556}") = "SBShared", "SBShared\SBShared.csproj", "{6D4CE9BB-1B89-4625-8393-9ABA257BA9AB}"
EndProject
Project("{9A19103F-16F7-4668-BE54-9A1E7A4F7556}") = "SBReceiver", "SBReceiver\SBReceiver.csproj", "{9C3ECB86-B927-481E-BB58-1CF755534536}"
EndProject
Project("{2150E333-8FDC-42A3-9474-1A3956D46DE8}") = "Background Jobs", "Background Jobs", "{3B9F0E8D-162A-4ED0-86CD-A6300C899A81}"
EndProject
Project("{9A19103F-16F7-4668-BE54-9A1E7A4F7556}") = "BackgroundDemoApp", "BackgroundDemoApp\BackgroundDemoApp.csproj", "{4CFEEDAB-39A2-419A-AA7F-BE38C75AEED9}"
EndProject
Project("{2150E333-8FDC-42A3-9474-1A3956D46DE8}") = "Abstract Classes", "Abstract Classes", "{23D5A6A4-A7C9-4503-92B0-97118C9D3A26}"
EndProject
Project("{2150E333-8FDC-42A3-9474-1A3956D46DE8}") = "Start", "Start", "{60EC61B7-512E-463D-A779-72EABE226803}"
EndProject
Project("{2150E333-8FDC-42A3-9474-1A3956D46DE8}") = "End", "End", "{011A5C24-7A4A-4F1C-9E0B-F33FE02EBC65}"
EndProject
Project("{FAE04EC0-301F-11D3-BF4B-00C04F79EFBC}") = "ConsoleUI", "AbstractDemo_Start\ConsoleUI\ConsoleUI.csproj", "{7DAB15A7-697D-4A77-9B39-860FC2FDF226}"
EndProject
Project("{FAE04EC0-301F-11D3-BF4B-00C04F79EFBC}") = "DemoLibrary", "AbstractDemo_Start\DemoLibrary\DemoLibrary.csproj", "{6936AEC2-256C-4E5F-81D4-ED9FDF0938D7}"
EndProject
Project("{FAE04EC0-301F-11D3-BF4B-00C04F79EFBC}") = "ConsoleUI", "AbstractDemo_End\ConsoleUI\ConsoleUI.csproj", "{235F2DD2-68A3-4AE2-AC30-BC0C1B223C97}"
EndProject
Project("{FAE04EC0-301F-11D3-BF4B-00C04F79EFBC}") = "DemoLibrary", "AbstractDemo_End\DemoLibrary\DemoLibrary.csproj", "{F67E37AB-80C4-4CDC-BC82-8C1E194C9510}"
EndProject
Global
	GlobalSection(SolutionConfigurationPlatforms) = preSolution
		Debug|Any CPU = Debug|Any CPU
		Release|Any CPU = Release|Any CPU
	EndGlobalSection
	GlobalSection(ProjectConfigurationPlatforms) = postSolution
		{72E4F8C8-D430-4B0F-8AFA-1E7C55265FE6}.Debug|Any CPU.ActiveCfg = Debug|Any CPU
		{72E4F8C8-D430-4B0F-8AFA-1E7C55265FE6}.Debug|Any CPU.Build.0 = Debug|Any CPU
		{72E4F8C8-D430-4B0F-8AFA-1E7C55265FE6}.Release|Any CPU.ActiveCfg = Release|Any CPU
		{72E4F8C8-D430-4B0F-8AFA-1E7C55265FE6}.Release|Any CPU.Build.0 = Release|Any CPU
		{A882C82F-7B2F-4D38-8899-63629C4891F2}.Debug|Any CPU.ActiveCfg = Debug|Any CPU
		{A882C82F-7B2F-4D38-8899-63629C4891F2}.Debug|Any CPU.Build.0 = Debug|Any CPU
		{A882C82F-7B2F-4D38-8899-63629C4891F2}.Release|Any CPU.ActiveCfg = Release|Any CPU
		{A882C82F-7B2F-4D38-8899-63629C4891F2}.Release|Any CPU.Build.0 = Release|Any CPU
		{A06EE4C4-8869-4805-9FF9-2655E795E6F1}.Debug|Any CPU.ActiveCfg = Debug|Any CPU
		{A06EE4C4-8869-4805-9FF9-2655E795E6F1}.Debug|Any CPU.Build.0 = Debug|Any CPU
		{A06EE4C4-8869-4805-9FF9-2655E795E6F1}.Release|Any CPU.ActiveCfg = Release|Any CPU
		{A06EE4C4-8869-4805-9FF9-2655E795E6F1}.Release|Any CPU.Build.0 = Release|Any CPU
		{A2FE9F81-018C-4579-9571-55E30CE3D7CD}.Debug|Any CPU.ActiveCfg = Debug|Any CPU
		{A2FE9F81-018C-4579-9571-55E30CE3D7CD}.Debug|Any CPU.Build.0 = Debug|Any CPU
		{A2FE9F81-018C-4579-9571-55E30CE3D7CD}.Release|Any CPU.ActiveCfg = Release|Any CPU
		{A2FE9F81-018C-4579-9571-55E30CE3D7CD}.Release|Any CPU.Build.0 = Release|Any CPU
		{6D4CE9BB-1B89-4625-8393-9ABA257BA9AB}.Debug|Any CPU.ActiveCfg = Debug|Any CPU
		{6D4CE9BB-1B89-4625-8393-9ABA257BA9AB}.Debug|Any CPU.Build.0 = Debug|Any CPU
		{6D4CE9BB-1B89-4625-8393-9ABA257BA9AB}.Release|Any CPU.ActiveCfg = Release|Any CPU
		{6D4CE9BB-1B89-4625-8393-9ABA257BA9AB}.Release|Any CPU.Build.0 = Release|Any CPU
		{9C3ECB86-B927-481E-BB58-1CF755534536}.Debug|Any CPU.ActiveCfg = Debug|Any CPU
		{9C3ECB86-B927-481E-BB58-1CF755534536}.Debug|Any CPU.Build.0 = Debug|Any CPU
		{9C3ECB86-B927-481E-BB58-1CF755534536}.Release|Any CPU.ActiveCfg = Release|Any CPU
		{9C3ECB86-B927-481E-BB58-1CF755534536}.Release|Any CPU.Build.0 = Release|Any CPU
		{4CFEEDAB-39A2-419A-AA7F-BE38C75AEED9}.Debug|Any CPU.ActiveCfg = Debug|Any CPU
		{4CFEEDAB-39A2-419A-AA7F-BE38C75AEED9}.Debug|Any CPU.Build.0 = Debug|Any CPU
		{4CFEEDAB-39A2-419A-AA7F-BE38C75AEED9}.Release|Any CPU.ActiveCfg = Release|Any CPU
		{4CFEEDAB-39A2-419A-AA7F-BE38C75AEED9}.Release|Any CPU.Build.0 = Release|Any CPU
		{7DAB15A7-697D-4A77-9B39-860FC2FDF226}.Debug|Any CPU.ActiveCfg = Debug|Any CPU
		{7DAB15A7-697D-4A77-9B39-860FC2FDF226}.Debug|Any CPU.Build.0 = Debug|Any CPU
		{7DAB15A7-697D-4A77-9B39-860FC2FDF226}.Release|Any CPU.ActiveCfg = Release|Any CPU
		{7DAB15A7-697D-4A77-9B39-860FC2FDF226}.Release|Any CPU.Build.0 = Release|Any CPU
		{6936AEC2-256C-4E5F-81D4-ED9FDF0938D7}.Debug|Any CPU.ActiveCfg = Debug|Any CPU
		{6936AEC2-256C-4E5F-81D4-ED9FDF0938D7}.Debug|Any CPU.Build.0 = Debug|Any CPU
		{6936AEC2-256C-4E5F-81D4-ED9FDF0938D7}.Release|Any CPU.ActiveCfg = Release|Any CPU
		{6936AEC2-256C-4E5F-81D4-ED9FDF0938D7}.Release|Any CPU.Build.0 = Release|Any CPU
		{235F2DD2-68A3-4AE2-AC30-BC0C1B223C97}.Debug|Any CPU.ActiveCfg = Debug|Any CPU
		{235F2DD2-68A3-4AE2-AC30-BC0C1B223C97}.Debug|Any CPU.Build.0 = Debug|Any CPU
		{235F2DD2-68A3-4AE2-AC30-BC0C1B223C97}.Release|Any CPU.ActiveCfg = Release|Any CPU
		{235F2DD2-68A3-4AE2-AC30-BC0C1B223C97}.Release|Any CPU.Build.0 = Release|Any CPU
		{F67E37AB-80C4-4CDC-BC82-8C1E194C9510}.Debug|Any CPU.ActiveCfg = Debug|Any CPU
		{F67E37AB-80C4-4CDC-BC82-8C1E194C9510}.Debug|Any CPU.Build.0 = Debug|Any CPU
		{F67E37AB-80C4-4CDC-BC82-8C1E194C9510}.Release|Any CPU.ActiveCfg = Release|Any CPU
		{F67E37AB-80C4-4CDC-BC82-8C1E194C9510}.Release|Any CPU.Build.0 = Release|Any CPU
	EndGlobalSection
	GlobalSection(SolutionProperties) = preSolution
		HideSolutionNode = FALSE
	EndGlobalSection
	GlobalSection(NestedProjects) = preSolution
		{72E4F8C8-D430-4B0F-8AFA-1E7C55265FE6} = {EF49A476-D914-43DE-B6BE-DCA948190D5B}
		{A882C82F-7B2F-4D38-8899-63629C4891F2} = {EF49A476-D914-43DE-B6BE-DCA948190D5B}
		{A06EE4C4-8869-4805-9FF9-2655E795E6F1} = {EF49A476-D914-43DE-B6BE-DCA948190D5B}
		{A2FE9F81-018C-4579-9571-55E30CE3D7CD} = {834E2354-F152-49F2-B725-F33F5710288C}
		{6D4CE9BB-1B89-4625-8393-9ABA257BA9AB} = {834E2354-F152-49F2-B725-F33F5710288C}
		{9C3ECB86-B927-481E-BB58-1CF755534536} = {834E2354-F152-49F2-B725-F33F5710288C}
		{4CFEEDAB-39A2-419A-AA7F-BE38C75AEED9} = {3B9F0E8D-162A-4ED0-86CD-A6300C899A81}
		{60EC61B7-512E-463D-A779-72EABE226803} = {23D5A6A4-A7C9-4503-92B0-97118C9D3A26}
		{011A5C24-7A4A-4F1C-9E0B-F33FE02EBC65} = {23D5A6A4-A7C9-4503-92B0-97118C9D3A26}
		{7DAB15A7-697D-4A77-9B39-860FC2FDF226} = {60EC61B7-512E-463D-A779-72EABE226803}
		{6936AEC2-256C-4E5F-81D4-ED9FDF0938D7} = {60EC61B7-512E-463D-A779-72EABE226803}
		{235F2DD2-68A3-4AE2-AC30-BC0C1B223C97} = {011A5C24-7A4A-4F1C-9E0B-F33FE02EBC65}
		{F67E37AB-80C4-4CDC-BC82-8C1E194C9510} = {011A5C24-7A4A-4F1C-9E0B-F33FE02EBC65}
	EndGlobalSection
	GlobalSection(ExtensibilityGlobals) = postSolution
		SolutionGuid = {2B0B96DD-6826-40C8-97B2-59B546C2B005}
	EndGlobalSection
EndGlobal
